// !$*UTF8*$!
{
	archiveVersion = 1;
	classes = {
	};
	objectVersion = 48;
	objects = {

/* Begin PBXBuildFile section */
		5913AF552089020400AB7585 /* LevelViewController.swift in Sources */ = {isa = PBXBuildFile; fileRef = 5913AF542089020400AB7585 /* LevelViewController.swift */; };
		5913AF5720894DB300AB7585 /* StartGame2ViewController.swift in Sources */ = {isa = PBXBuildFile; fileRef = 5913AF5620894DB300AB7585 /* StartGame2ViewController.swift */; };
		5913AF5920894DC700AB7585 /* StartGame3ViewController.swift in Sources */ = {isa = PBXBuildFile; fileRef = 5913AF5820894DC700AB7585 /* StartGame3ViewController.swift */; };
		5913AF5B20895C8D00AB7585 /* SecondGameViewController.swift in Sources */ = {isa = PBXBuildFile; fileRef = 5913AF5A20895C8D00AB7585 /* SecondGameViewController.swift */; };
		5913AF5D20895CA400AB7585 /* ThirdGameViewController.swift in Sources */ = {isa = PBXBuildFile; fileRef = 5913AF5C20895CA400AB7585 /* ThirdGameViewController.swift */; };
		5913AF5F20896D9E00AB7585 /* GameScene.swift in Sources */ = {isa = PBXBuildFile; fileRef = 5913AF5E20896D9E00AB7585 /* GameScene.swift */; };
		5913AF6120896EFB00AB7585 /* images.atlas in Resources */ = {isa = PBXBuildFile; fileRef = 5913AF6020896EFA00AB7585 /* images.atlas */; };
		5913AF632089808A00AB7585 /* AboutViewController.swift in Sources */ = {isa = PBXBuildFile; fileRef = 5913AF622089808A00AB7585 /* AboutViewController.swift */; };
		5913AF652089830700AB7585 /* SettingViewController.swift in Sources */ = {isa = PBXBuildFile; fileRef = 5913AF642089830600AB7585 /* SettingViewController.swift */; };
		ADC4FC4220886EB0001557CA /* AppDelegate.swift in Sources */ = {isa = PBXBuildFile; fileRef = ADC4FC4120886EB0001557CA /* AppDelegate.swift */; };
		ADC4FC4420886EB0001557CA /* ViewController.swift in Sources */ = {isa = PBXBuildFile; fileRef = ADC4FC4320886EB0001557CA /* ViewController.swift */; };
		ADC4FC4720886EB0001557CA /* Main.storyboard in Resources */ = {isa = PBXBuildFile; fileRef = ADC4FC4520886EB0001557CA /* Main.storyboard */; };
		ADC4FC4920886EB0001557CA /* Assets.xcassets in Resources */ = {isa = PBXBuildFile; fileRef = ADC4FC4820886EB0001557CA /* Assets.xcassets */; };
		ADC4FC4C20886EB0001557CA /* LaunchScreen.storyboard in Resources */ = {isa = PBXBuildFile; fileRef = ADC4FC4A20886EB0001557CA /* LaunchScreen.storyboard */; };
		ADC4FC5720886EB0001557CA /* Project2Tests.swift in Sources */ = {isa = PBXBuildFile; fileRef = ADC4FC5620886EB0001557CA /* Project2Tests.swift */; };
		ADC4FC6220886EB0001557CA /* Project2UITests.swift in Sources */ = {isa = PBXBuildFile; fileRef = ADC4FC6120886EB0001557CA /* Project2UITests.swift */; };
		ADC4FC702088A979001557CA /* StartGameViewController.swift in Sources */ = {isa = PBXBuildFile; fileRef = ADC4FC6F2088A979001557CA /* StartGameViewController.swift */; };
/* End PBXBuildFile section */

/* Begin PBXContainerItemProxy section */
		ADC4FC5320886EB0001557CA /* PBXContainerItemProxy */ = {
			isa = PBXContainerItemProxy;
			containerPortal = ADC4FC3620886EB0001557CA /* Project object */;
			proxyType = 1;
			remoteGlobalIDString = ADC4FC3D20886EB0001557CA;
			remoteInfo = Project2;
		};
		ADC4FC5E20886EB0001557CA /* PBXContainerItemProxy */ = {
			isa = PBXContainerItemProxy;
			containerPortal = ADC4FC3620886EB0001557CA /* Project object */;
			proxyType = 1;
			remoteGlobalIDString = ADC4FC3D20886EB0001557CA;
			remoteInfo = Project2;
		};
/* End PBXContainerItemProxy section */

/* Begin PBXFileReference section */
		5913AF542089020400AB7585 /* LevelViewController.swift */ = {isa = PBXFileReference; lastKnownFileType = sourcecode.swift; path = LevelViewController.swift; sourceTree = "<group>"; };
		5913AF5620894DB300AB7585 /* StartGame2ViewController.swift */ = {isa = PBXFileReference; lastKnownFileType = sourcecode.swift; path = StartGame2ViewController.swift; sourceTree = "<group>"; };
		5913AF5820894DC700AB7585 /* StartGame3ViewController.swift */ = {isa = PBXFileReference; lastKnownFileType = sourcecode.swift; path = StartGame3ViewController.swift; sourceTree = "<group>"; };
		5913AF5A20895C8D00AB7585 /* SecondGameViewController.swift */ = {isa = PBXFileReference; lastKnownFileType = sourcecode.swift; path = SecondGameViewController.swift; sourceTree = "<group>"; };
		5913AF5C20895CA400AB7585 /* ThirdGameViewController.swift */ = {isa = PBXFileReference; lastKnownFileType = sourcecode.swift; path = ThirdGameViewController.swift; sourceTree = "<group>"; };
		5913AF5E20896D9E00AB7585 /* GameScene.swift */ = {isa = PBXFileReference; lastKnownFileType = sourcecode.swift; path = GameScene.swift; sourceTree = "<group>"; };
		5913AF6020896EFA00AB7585 /* images.atlas */ = {isa = PBXFileReference; lastKnownFileType = folder.skatlas; name = images.atlas; path = ../../../images.atlas; sourceTree = "<group>"; };
		5913AF622089808A00AB7585 /* AboutViewController.swift */ = {isa = PBXFileReference; lastKnownFileType = sourcecode.swift; path = AboutViewController.swift; sourceTree = "<group>"; };
		5913AF642089830600AB7585 /* SettingViewController.swift */ = {isa = PBXFileReference; lastKnownFileType = sourcecode.swift; path = SettingViewController.swift; sourceTree = "<group>"; };
		ADC4FC3E20886EB0001557CA /* Project2.app */ = {isa = PBXFileReference; explicitFileType = wrapper.application; includeInIndex = 0; path = Project2.app; sourceTree = BUILT_PRODUCTS_DIR; };
		ADC4FC4120886EB0001557CA /* AppDelegate.swift */ = {isa = PBXFileReference; lastKnownFileType = sourcecode.swift; path = AppDelegate.swift; sourceTree = "<group>"; };
		ADC4FC4320886EB0001557CA /* ViewController.swift */ = {isa = PBXFileReference; lastKnownFileType = sourcecode.swift; path = ViewController.swift; sourceTree = "<group>"; };
		ADC4FC4620886EB0001557CA /* Base */ = {isa = PBXFileReference; lastKnownFileType = file.storyboard; name = Base; path = Base.lproj/Main.storyboard; sourceTree = "<group>"; };
		ADC4FC4820886EB0001557CA /* Assets.xcassets */ = {isa = PBXFileReference; lastKnownFileType = folder.assetcatalog; path = Assets.xcassets; sourceTree = "<group>"; };
		ADC4FC4B20886EB0001557CA /* Base */ = {isa = PBXFileReference; lastKnownFileType = file.storyboard; name = Base; path = Base.lproj/LaunchScreen.storyboard; sourceTree = "<group>"; };
		ADC4FC4D20886EB0001557CA /* Info.plist */ = {isa = PBXFileReference; lastKnownFileType = text.plist.xml; path = Info.plist; sourceTree = "<group>"; };
		ADC4FC5220886EB0001557CA /* Project2Tests.xctest */ = {isa = PBXFileReference; explicitFileType = wrapper.cfbundle; includeInIndex = 0; path = Project2Tests.xctest; sourceTree = BUILT_PRODUCTS_DIR; };
		ADC4FC5620886EB0001557CA /* Project2Tests.swift */ = {isa = PBXFileReference; lastKnownFileType = sourcecode.swift; path = Project2Tests.swift; sourceTree = "<group>"; };
		ADC4FC5820886EB0001557CA /* Info.plist */ = {isa = PBXFileReference; lastKnownFileType = text.plist.xml; path = Info.plist; sourceTree = "<group>"; };
		ADC4FC5D20886EB0001557CA /* Project2UITests.xctest */ = {isa = PBXFileReference; explicitFileType = wrapper.cfbundle; includeInIndex = 0; path = Project2UITests.xctest; sourceTree = BUILT_PRODUCTS_DIR; };
		ADC4FC6120886EB0001557CA /* Project2UITests.swift */ = {isa = PBXFileReference; lastKnownFileType = sourcecode.swift; path = Project2UITests.swift; sourceTree = "<group>"; };
		ADC4FC6320886EB0001557CA /* Info.plist */ = {isa = PBXFileReference; lastKnownFileType = text.plist.xml; path = Info.plist; sourceTree = "<group>"; };
		ADC4FC6F2088A979001557CA /* StartGameViewController.swift */ = {isa = PBXFileReference; lastKnownFileType = sourcecode.swift; path = StartGameViewController.swift; sourceTree = "<group>"; };
/* End PBXFileReference section */

/* Begin PBXFrameworksBuildPhase section */
		ADC4FC3B20886EB0001557CA /* Frameworks */ = {
			isa = PBXFrameworksBuildPhase;
			buildActionMask = 2147483647;
			files = (
			);
			runOnlyForDeploymentPostprocessing = 0;
		};
		ADC4FC4F20886EB0001557CA /* Frameworks */ = {
			isa = PBXFrameworksBuildPhase;
			buildActionMask = 2147483647;
			files = (
			);
			runOnlyForDeploymentPostprocessing = 0;
		};
		ADC4FC5A20886EB0001557CA /* Frameworks */ = {
			isa = PBXFrameworksBuildPhase;
			buildActionMask = 2147483647;
			files = (
			);
			runOnlyForDeploymentPostprocessing = 0;
		};
/* End PBXFrameworksBuildPhase section */

/* Begin PBXGroup section */
		ADC4FC3520886EB0001557CA = {
			isa = PBXGroup;
			children = (
				ADC4FC4020886EB0001557CA /* Project2 */,
				ADC4FC5520886EB0001557CA /* Project2Tests */,
				ADC4FC6020886EB0001557CA /* Project2UITests */,
				ADC4FC3F20886EB0001557CA /* Products */,
			);
			sourceTree = "<group>";
		};
		ADC4FC3F20886EB0001557CA /* Products */ = {
			isa = PBXGroup;
			children = (
				ADC4FC3E20886EB0001557CA /* Project2.app */,
				ADC4FC5220886EB0001557CA /* Project2Tests.xctest */,
				ADC4FC5D20886EB0001557CA /* Project2UITests.xctest */,
			);
			name = Products;
			sourceTree = "<group>";
		};
		ADC4FC4020886EB0001557CA /* Project2 */ = {
			isa = PBXGroup;
			children = (
				ADC4FC4120886EB0001557CA /* AppDelegate.swift */,
				ADC4FC4320886EB0001557CA /* ViewController.swift */,
				ADC4FC4520886EB0001557CA /* Main.storyboard */,
				5913AF622089808A00AB7585 /* AboutViewController.swift */,
				5913AF5A20895C8D00AB7585 /* SecondGameViewController.swift */,
				5913AF5C20895CA400AB7585 /* ThirdGameViewController.swift */,
				5913AF542089020400AB7585 /* LevelViewController.swift */,
				5913AF642089830600AB7585 /* SettingViewController.swift */,
				5913AF5620894DB300AB7585 /* StartGame2ViewController.swift */,
				5913AF5E20896D9E00AB7585 /* GameScene.swift */,
				5913AF5820894DC700AB7585 /* StartGame3ViewController.swift */,
				ADC4FC6F2088A979001557CA /* StartGameViewController.swift */,
				5913AF6020896EFA00AB7585 /* images.atlas */,
				ADC4FC4820886EB0001557CA /* Assets.xcassets */,
				ADC4FC4A20886EB0001557CA /* LaunchScreen.storyboard */,
				ADC4FC4D20886EB0001557CA /* Info.plist */,
			);
			path = Project2;
			sourceTree = "<group>";
		};
		ADC4FC5520886EB0001557CA /* Project2Tests */ = {
			isa = PBXGroup;
			children = (
				ADC4FC5620886EB0001557CA /* Project2Tests.swift */,
				ADC4FC5820886EB0001557CA /* Info.plist */,
			);
			path = Project2Tests;
			sourceTree = "<group>";
		};
		ADC4FC6020886EB0001557CA /* Project2UITests */ = {
			isa = PBXGroup;
			children = (
				ADC4FC6120886EB0001557CA /* Project2UITests.swift */,
				ADC4FC6320886EB0001557CA /* Info.plist */,
			);
			path = Project2UITests;
			sourceTree = "<group>";
		};
/* End PBXGroup section */

/* Begin PBXNativeTarget section */
		ADC4FC3D20886EB0001557CA /* Project2 */ = {
			isa = PBXNativeTarget;
			buildConfigurationList = ADC4FC6620886EB0001557CA /* Build configuration list for PBXNativeTarget "Project2" */;
			buildPhases = (
				ADC4FC3A20886EB0001557CA /* Sources */,
				ADC4FC3B20886EB0001557CA /* Frameworks */,
				ADC4FC3C20886EB0001557CA /* Resources */,
			);
			buildRules = (
			);
			dependencies = (
			);
			name = Project2;
			productName = Project2;
			productReference = ADC4FC3E20886EB0001557CA /* Project2.app */;
			productType = "com.apple.product-type.application";
		};
		ADC4FC5120886EB0001557CA /* Project2Tests */ = {
			isa = PBXNativeTarget;
			buildConfigurationList = ADC4FC6920886EB0001557CA /* Build configuration list for PBXNativeTarget "Project2Tests" */;
			buildPhases = (
				ADC4FC4E20886EB0001557CA /* Sources */,
				ADC4FC4F20886EB0001557CA /* Frameworks */,
				ADC4FC5020886EB0001557CA /* Resources */,
			);
			buildRules = (
			);
			dependencies = (
				ADC4FC5420886EB0001557CA /* PBXTargetDependency */,
			);
			name = Project2Tests;
			productName = Project2Tests;
			productReference = ADC4FC5220886EB0001557CA /* Project2Tests.xctest */;
			productType = "com.apple.product-type.bundle.unit-test";
		};
		ADC4FC5C20886EB0001557CA /* Project2UITests */ = {
			isa = PBXNativeTarget;
			buildConfigurationList = ADC4FC6C20886EB0001557CA /* Build configuration list for PBXNativeTarget "Project2UITests" */;
			buildPhases = (
				ADC4FC5920886EB0001557CA /* Sources */,
				ADC4FC5A20886EB0001557CA /* Frameworks */,
				ADC4FC5B20886EB0001557CA /* Resources */,
			);
			buildRules = (
			);
			dependencies = (
				ADC4FC5F20886EB0001557CA /* PBXTargetDependency */,
			);
			name = Project2UITests;
			productName = Project2UITests;
			productReference = ADC4FC5D20886EB0001557CA /* Project2UITests.xctest */;
			productType = "com.apple.product-type.bundle.ui-testing";
		};
/* End PBXNativeTarget section */

/* Begin PBXProject section */
		ADC4FC3620886EB0001557CA /* Project object */ = {
			isa = PBXProject;
			attributes = {
				LastSwiftUpdateCheck = 0920;
				LastUpgradeCheck = 0930;
				ORGANIZATIONNAME = "CHLOE KWOK";
				TargetAttributes = {
					ADC4FC3D20886EB0001557CA = {
						CreatedOnToolsVersion = 9.2;
						ProvisioningStyle = Automatic;
					};
					ADC4FC5120886EB0001557CA = {
						CreatedOnToolsVersion = 9.2;
						ProvisioningStyle = Automatic;
						TestTargetID = ADC4FC3D20886EB0001557CA;
					};
					ADC4FC5C20886EB0001557CA = {
						CreatedOnToolsVersion = 9.2;
						ProvisioningStyle = Automatic;
						TestTargetID = ADC4FC3D20886EB0001557CA;
					};
				};
			};
			buildConfigurationList = ADC4FC3920886EB0001557CA /* Build configuration list for PBXProject "Project2" */;
			compatibilityVersion = "Xcode 8.0";
			developmentRegion = en;
			hasScannedForEncodings = 0;
			knownRegions = (
				en,
				Base,
			);
			mainGroup = ADC4FC3520886EB0001557CA;
			productRefGroup = ADC4FC3F20886EB0001557CA /* Products */;
			projectDirPath = "";
			projectRoot = "";
			targets = (
				ADC4FC3D20886EB0001557CA /* Project2 */,
				ADC4FC5120886EB0001557CA /* Project2Tests */,
				ADC4FC5C20886EB0001557CA /* Project2UITests */,
			);
		};
/* End PBXProject section */

/* Begin PBXResourcesBuildPhase section */
		ADC4FC3C20886EB0001557CA /* Resources */ = {
			isa = PBXResourcesBuildPhase;
			buildActionMask = 2147483647;
			files = (
				ADC4FC4C20886EB0001557CA /* LaunchScreen.storyboard in Resources */,
				5913AF6120896EFB00AB7585 /* images.atlas in Resources */,
				ADC4FC4920886EB0001557CA /* Assets.xcassets in Resources */,
				ADC4FC4720886EB0001557CA /* Main.storyboard in Resources */,
			);
			runOnlyForDeploymentPostprocessing = 0;
		};
		ADC4FC5020886EB0001557CA /* Resources */ = {
			isa = PBXResourcesBuildPhase;
			buildActionMask = 2147483647;
			files = (
			);
			runOnlyForDeploymentPostprocessing = 0;
		};
		ADC4FC5B20886EB0001557CA /* Resources */ = {
			isa = PBXResourcesBuildPhase;
			buildActionMask = 2147483647;
			files = (
			);
			runOnlyForDeploymentPostprocessing = 0;
		};
/* End PBXResourcesBuildPhase section */

/* Begin PBXSourcesBuildPhase section */
		ADC4FC3A20886EB0001557CA /* Sources */ = {
			isa = PBXSourcesBuildPhase;
			buildActionMask = 2147483647;
			files = (
				5913AF5B20895C8D00AB7585 /* SecondGameViewController.swift in Sources */,
				5913AF652089830700AB7585 /* SettingViewController.swift in Sources */,
				ADC4FC4420886EB0001557CA /* ViewController.swift in Sources */,
				5913AF5720894DB300AB7585 /* StartGame2ViewController.swift in Sources */,
				5913AF5F20896D9E00AB7585 /* GameScene.swift in Sources */,
				ADC4FC4220886EB0001557CA /* AppDelegate.swift in Sources */,
				5913AF5D20895CA400AB7585 /* ThirdGameViewController.swift in Sources */,
				5913AF5920894DC700AB7585 /* StartGame3ViewController.swift in Sources */,
				ADC4FC702088A979001557CA /* StartGameViewController.swift in Sources */,
				5913AF632089808A00AB7585 /* AboutViewController.swift in Sources */,
				5913AF552089020400AB7585 /* LevelViewController.swift in Sources */,
			);
			runOnlyForDeploymentPostprocessing = 0;
		};
		ADC4FC4E20886EB0001557CA /* Sources */ = {
			isa = PBXSourcesBuildPhase;
			buildActionMask = 2147483647;
			files = (
				ADC4FC5720886EB0001557CA /* Project2Tests.swift in Sources */,
			);
			runOnlyForDeploymentPostprocessing = 0;
		};
		ADC4FC5920886EB0001557CA /* Sources */ = {
			isa = PBXSourcesBuildPhase;
			buildActionMask = 2147483647;
			files = (
				ADC4FC6220886EB0001557CA /* Project2UITests.swift in Sources */,
			);
			runOnlyForDeploymentPostprocessing = 0;
		};
/* End PBXSourcesBuildPhase section */

/* Begin PBXTargetDependency section */
		ADC4FC5420886EB0001557CA /* PBXTargetDependency */ = {
			isa = PBXTargetDependency;
			target = ADC4FC3D20886EB0001557CA /* Project2 */;
			targetProxy = ADC4FC5320886EB0001557CA /* PBXContainerItemProxy */;
		};
		ADC4FC5F20886EB0001557CA /* PBXTargetDependency */ = {
			isa = PBXTargetDependency;
			target = ADC4FC3D20886EB0001557CA /* Project2 */;
			targetProxy = ADC4FC5E20886EB0001557CA /* PBXContainerItemProxy */;
		};
/* End PBXTargetDependency section */

/* Begin PBXVariantGroup section */
		ADC4FC4520886EB0001557CA /* Main.storyboard */ = {
			isa = PBXVariantGroup;
			children = (
				ADC4FC4620886EB0001557CA /* Base */,
			);
			name = Main.storyboard;
			sourceTree = "<group>";
		};
		ADC4FC4A20886EB0001557CA /* LaunchScreen.storyboard */ = {
			isa = PBXVariantGroup;
			children = (
				ADC4FC4B20886EB0001557CA /* Base */,
			);
			name = LaunchScreen.storyboard;
			sourceTree = "<group>";
		};
/* End PBXVariantGroup section */

/* Begin XCBuildConfiguration section */
		ADC4FC6420886EB0001557CA /* Debug */ = {
			isa = XCBuildConfiguration;
			buildSettings = {
				ALWAYS_SEARCH_USER_PATHS = NO;
				CLANG_ANALYZER_NONNULL = YES;
				CLANG_ANALYZER_NUMBER_OBJECT_CONVERSION = YES_AGGRESSIVE;
				CLANG_CXX_LANGUAGE_STANDARD = "gnu++14";
				CLANG_CXX_LIBRARY = "libc++";
				CLANG_ENABLE_MODULES = YES;
				CLANG_ENABLE_OBJC_ARC = YES;
				CLANG_WARN_BLOCK_CAPTURE_AUTORELEASING = YES;
				CLANG_WARN_BOOL_CONVERSION = YES;
				CLANG_WARN_COMMA = YES;
				CLANG_WARN_CONSTANT_CONVERSION = YES;
				CLANG_WARN_DEPRECATED_OBJC_IMPLEMENTATIONS = YES;
				CLANG_WARN_DIRECT_OBJC_ISA_USAGE = YES_ERROR;
				CLANG_WARN_DOCUMENTATION_COMMENTS = YES;
				CLANG_WARN_EMPTY_BODY = YES;
				CLANG_WARN_ENUM_CONVERSION = YES;
				CLANG_WARN_INFINITE_RECURSION = YES;
				CLANG_WARN_INT_CONVERSION = YES;
				CLANG_WARN_NON_LITERAL_NULL_CONVERSION = YES;
				CLANG_WARN_OBJC_IMPLICIT_RETAIN_SELF = YES;
				CLANG_WARN_OBJC_LITERAL_CONVERSION = YES;
				CLANG_WARN_OBJC_ROOT_CLASS = YES_ERROR;
				CLANG_WARN_RANGE_LOOP_ANALYSIS = YES;
				CLANG_WARN_STRICT_PROTOTYPES = YES;
				CLANG_WARN_SUSPICIOUS_MOVE = YES;
				CLANG_WARN_UNGUARDED_AVAILABILITY = YES_AGGRESSIVE;
				CLANG_WARN_UNREACHABLE_CODE = YES;
				CLANG_WARN__DUPLICATE_METHOD_MATCH = YES;
				CODE_SIGN_IDENTITY = "iPhone Developer";
				COPY_PHASE_STRIP = NO;
				DEBUG_INFORMATION_FORMAT = dwarf;
				ENABLE_STRICT_OBJC_MSGSEND = YES;
				ENABLE_TESTABILITY = YES;
				GCC_C_LANGUAGE_STANDARD = gnu11;
				GCC_DYNAMIC_NO_PIC = NO;
				GCC_NO_COMMON_BLOCKS = YES;
				GCC_OPTIMIZATION_LEVEL = 0;
				GCC_PREPROCESSOR_DEFINITIONS = (
					"DEBUG=1",
					"$(inherited)",
				);
				GCC_WARN_64_TO_32_BIT_CONVERSION = YES;
				GCC_WARN_ABOUT_RETURN_TYPE = YES_ERROR;
				GCC_WARN_UNDECLARED_SELECTOR = YES;
				GCC_WARN_UNINITIALIZED_AUTOS = YES_AGGRESSIVE;
				GCC_WARN_UNUSED_FUNCTION = YES;
				GCC_WARN_UNUSED_VARIABLE = YES;
				IPHONEOS_DEPLOYMENT_TARGET = 11.2;
				MTL_ENABLE_DEBUG_INFO = YES;
				ONLY_ACTIVE_ARCH = YES;
				SDKROOT = iphoneos;
				SWIFT_ACTIVE_COMPILATION_CONDITIONS = DEBUG;
				SWIFT_OPTIMIZATION_LEVEL = "-Onone";
			};
			name = Debug;
		};
		ADC4FC6520886EB0001557CA /* Release */ = {
			isa = XCBuildConfiguration;
			buildSettings = {
				ALWAYS_SEARCH_USER_PATHS = NO;
				CLANG_ANALYZER_NONNULL = YES;
				CLANG_ANALYZER_NUMBER_OBJECT_CONVERSION = YES_AGGRESSIVE;
				CLANG_CXX_LANGUAGE_STANDARD = "gnu++14";
				CLANG_CXX_LIBRARY = "libc++";
				CLANG_ENABLE_MODULES = YES;
				CLANG_ENABLE_OBJC_ARC = YES;
				CLANG_WARN_BLOCK_CAPTURE_AUTORELEASING = YES;
				CLANG_WARN_BOOL_CONVERSION = YES;
				CLANG_WARN_COMMA = YES;
				CLANG_WARN_CONSTANT_CONVERSION = YES;
				CLANG_WARN_DEPRECATED_OBJC_IMPLEMENTATIONS = YES;
				CLANG_WARN_DIRECT_OBJC_ISA_USAGE = YES_ERROR;
				CLANG_WARN_DOCUMENTATION_COMMENTS = YES;
				CLANG_WARN_EMPTY_BODY = YES;
				CLANG_WARN_ENUM_CONVERSION = YES;
				CLANG_WARN_INFINITE_RECURSION = YES;
				CLANG_WARN_INT_CONVERSION = YES;
				CLANG_WARN_NON_LITERAL_NULL_CONVERSION = YES;
				CLANG_WARN_OBJC_IMPLICIT_RETAIN_SELF = YES;
				CLANG_WARN_OBJC_LITERAL_CONVERSION = YES;
				CLANG_WARN_OBJC_ROOT_CLASS = YES_ERROR;
				CLANG_WARN_RANGE_LOOP_ANALYSIS = YES;
				CLANG_WARN_STRICT_PROTOTYPES = YES;
				CLANG_WARN_SUSPICIOUS_MOVE = YES;
				CLANG_WARN_UNGUARDED_AVAILABILITY = YES_AGGRESSIVE;
				CLANG_WARN_UNREACHABLE_CODE = YES;
				CLANG_WARN__DUPLICATE_METHOD_MATCH = YES;
				CODE_SIGN_IDENTITY = "iPhone Developer";
				COPY_PHASE_STRIP = NO;
				DEBUG_INFORMATION_FORMAT = "dwarf-with-dsym";
				ENABLE_NS_ASSERTIONS = NO;
				ENABLE_STRICT_OBJC_MSGSEND = YES;
				GCC_C_LANGUAGE_STANDARD = gnu11;
				GCC_NO_COMMON_BLOCKS = YES;
				GCC_WARN_64_TO_32_BIT_CONVERSION = YES;
				GCC_WARN_ABOUT_RETURN_TYPE = YES_ERROR;
				GCC_WARN_UNDECLARED_SELECTOR = YES;
				GCC_WARN_UNINITIALIZED_AUTOS = YES_AGGRESSIVE;
				GCC_WARN_UNUSED_FUNCTION = YES;
				GCC_WARN_UNUSED_VARIABLE = YES;
				IPHONEOS_DEPLOYMENT_TARGET = 11.2;
				MTL_ENABLE_DEBUG_INFO = NO;
				SDKROOT = iphoneos;
				SWIFT_OPTIMIZATION_LEVEL = "-Owholemodule";
				VALIDATE_PRODUCT = YES;
			};
			name = Release;
		};
		ADC4FC6720886EB0001557CA /* Debug */ = {
			isa = XCBuildConfiguration;
			buildSettings = {
				ASSETCATALOG_COMPILER_APPICON_NAME = AppIcon;
				CODE_SIGN_STYLE = Automatic;
				INFOPLIST_FILE = Project2/Info.plist;
				LD_RUNPATH_SEARCH_PATHS = "$(inherited) @executable_path/Frameworks";
				PRODUCT_BUNDLE_IDENTIFIER = Chloe.Project2;
				PRODUCT_NAME = "$(TARGET_NAME)";
				SWIFT_VERSION = 4.0;
				TARGETED_DEVICE_FAMILY = "1,2";
			};
			name = Debug;
		};
		ADC4FC6820886EB0001557CA /* Release */ = {
			isa = XCBuildConfiguration;
			buildSettings = {
				ASSETCATALOG_COMPILER_APPICON_NAME = AppIcon;
				CODE_SIGN_STYLE = Automatic;
				INFOPLIST_FILE = Project2/Info.plist;
				LD_RUNPATH_SEARCH_PATHS = "$(inherited) @executable_path/Frameworks";
				PRODUCT_BUNDLE_IDENTIFIER = Chloe.Project2;
				PRODUCT_NAME = "$(TARGET_NAME)";
				SWIFT_VERSION = 4.0;
				TARGETED_DEVICE_FAMILY = "1,2";
			};
			name = Release;
		};
		ADC4FC6A20886EB0001557CA /* Debug */ = {
			isa = XCBuildConfiguration;
			buildSettings = {
				ALWAYS_EMBED_SWIFT_STANDARD_LIBRARIES = YES;
				BUNDLE_LOADER = "$(TEST_HOST)";
				CODE_SIGN_STYLE = Automatic;
				INFOPLIST_FILE = Project2Tests/Info.plist;
				LD_RUNPATH_SEARCH_PATHS = "$(inherited) @executable_path/Frameworks @loader_path/Frameworks";
				PRODUCT_BUNDLE_IDENTIFIER = Chloe.Project2Tests;
				PRODUCT_NAME = "$(TARGET_NAME)";
				SWIFT_VERSION = 4.0;
				TARGETED_DEVICE_FAMILY = "1,2";
				TEST_HOST = "$(BUILT_PRODUCTS_DIR)/Project2.app/Project2";
			};
			name = Debug;
		};
		ADC4FC6B20886EB0001557CA /* Release */ = {
			isa = XCBuildConfiguration;
			buildSettings = {
				ALWAYS_EMBED_SWIFT_STANDARD_LIBRARIES = YES;
				BUNDLE_LOADER = "$(TEST_HOST)";
				CODE_SIGN_STYLE = Automatic;
				INFOPLIST_FILE = Project2Tests/Info.plist;
				LD_RUNPATH_SEARCH_PATHS = "$(inherited) @executable_path/Frameworks @loader_path/Frameworks";
				PRODUCT_BUNDLE_IDENTIFIER = Chloe.Project2Tests;
				PRODUCT_NAME = "$(TARGET_NAME)";
				SWIFT_VERSION = 4.0;
				TARGETED_DEVICE_FAMILY = "1,2";
				TEST_HOST = "$(BUILT_PRODUCTS_DIR)/Project2.app/Project2";
			};
			name = Release;
		};
		ADC4FC6D20886EB0001557CA /* Debug */ = {
			isa = XCBuildConfiguration;
			buildSettings = {
				ALWAYS_EMBED_SWIFT_STANDARD_LIBRARIES = YES;
				CODE_SIGN_STYLE = Automatic;
				INFOPLIST_FILE = Project2UITests/Info.plist;
				LD_RUNPATH_SEARCH_PATHS = "$(inherited) @executable_path/Frameworks @loader_path/Frameworks";
				PRODUCT_BUNDLE_IDENTIFIER = Chloe.Project2UITests;
				PRODUCT_NAME = "$(TARGET_NAME)";
				SWIFT_VERSION = 4.0;
				TARGETED_DEVICE_FAMILY = "1,2";
				TEST_TARGET_NAME = Project2;
			};
			name = Debug;
		};
		ADC4FC6E20886EB0001557CA /* Release */ = {
			isa = XCBuildConfiguration;
			buildSettings = {
				ALWAYS_EMBED_SWIFT_STANDARD_LIBRARIES = YES;
				CODE_SIGN_STYLE = Automatic;
				INFOPLIST_FILE = Project2UITests/Info.plist;
				LD_RUNPATH_SEARCH_PATHS = "$(inherited) @executable_path/Frameworks @loader_path/Frameworks";
				PRODUCT_BUNDLE_IDENTIFIER = Chloe.Project2UITests;
				PRODUCT_NAME = "$(TARGET_NAME)";
				SWIFT_VERSION = 4.0;
				TARGETED_DEVICE_FAMILY = "1,2";
				TEST_TARGET_NAME = Project2;
			};
			name = Release;
		};
/* End XCBuildConfiguration section */

/* Begin XCConfigurationList section */
		ADC4FC3920886EB0001557CA /* Build configuration list for PBXProject "Project2" */ = {
			isa = XCConfigurationList;
			buildConfigurations = (
				ADC4FC6420886EB0001557CA /* Debug */,
				ADC4FC6520886EB0001557CA /* Release */,
			);
			defaultConfigurationIsVisible = 0;
			defaultConfigurationName = Release;
		};
		ADC4FC6620886EB0001557CA /* Build configuration list for PBXNativeTarget "Project2" */ = {
			isa = XCConfigurationList;
			buildConfigurations = (
				ADC4FC6720886EB0001557CA /* Debug */,
				ADC4FC6820886EB0001557CA /* Release */,
			);
			defaultConfigurationIsVisible = 0;
			defaultConfigurationName = Release;
		};
		ADC4FC6920886EB0001557CA /* Build configuration list for PBXNativeTarget "Project2Tests" */ = {
			isa = XCConfigurationList;
			buildConfigurations = (
				ADC4FC6A20886EB0001557CA /* Debug */,
				ADC4FC6B20886EB0001557CA /* Release */,
			);
			defaultConfigurationIsVisible = 0;
			defaultConfigurationName = Release;
		};
		ADC4FC6C20886EB0001557CA /* Build configuration list for PBXNativeTarget "Project2UITests" */ = {
			isa = XCConfigurationList;
			buildConfigurations = (
				ADC4FC6D20886EB0001557CA /* Debug */,
				ADC4FC6E20886EB0001557CA /* Release */,
			);
			defaultConfigurationIsVisible = 0;
			defaultConfigurationName = Release;
		};
/* End XCConfigurationList section */
	};
	rootObject = ADC4FC3620886EB0001557CA /* Project object */;
}
