// !$*UTF8*$!
{
	archiveVersion = 1;
	classes = {
	};
	objectVersion = 50;
	objects = {

/* Begin PBXBuildFile section */
		0A45937F20B407FF00E32653 /* Data.json in Resources */ = {isa = PBXBuildFile; fileRef = 0A45937E20B407FF00E32653 /* Data.json */; };
		0A45938120B4089400E32653 /* JsonDataHandler.swift in Sources */ = {isa = PBXBuildFile; fileRef = 0A45938020B4089400E32653 /* JsonDataHandler.swift */; };
		0A45938320B4693B00E32653 /* ObjectStates.swift in Sources */ = {isa = PBXBuildFile; fileRef = 0A45938220B4693B00E32653 /* ObjectStates.swift */; };
		0AD049E420B72C1D00475072 /* AchievementTableViewController.swift in Sources */ = {isa = PBXBuildFile; fileRef = 0AD049E320B72C1D00475072 /* AchievementTableViewController.swift */; };
		0AD049E620B72C2E00475072 /* AchievementCell.swift in Sources */ = {isa = PBXBuildFile; fileRef = 0AD049E520B72C2E00475072 /* AchievementCell.swift */; };
		0AD049EA20B7326200475072 /* detail.json in Resources */ = {isa = PBXBuildFile; fileRef = 0AD049E920B7326200475072 /* detail.json */; };
		5917D2FC20AC55E100EF31CE /* projectdata1.txt in Resources */ = {isa = PBXBuildFile; fileRef = 5917D2FB20AC55DF00EF31CE /* projectdata1.txt */; };
		591CBB0D20B3263600E0F901 /* GameOverViewController.swift in Sources */ = {isa = PBXBuildFile; fileRef = 591CBB0C20B3263600E0F901 /* GameOverViewController.swift */; };
		597F09BC20A5CB45001597A0 /* Gif.swift in Sources */ = {isa = PBXBuildFile; fileRef = 597F09BB20A5CB45001597A0 /* Gif.swift */; };
		597F09BE20A5CEDA001597A0 /* try.gif in Resources */ = {isa = PBXBuildFile; fileRef = 597F09BD20A5CECE001597A0 /* try.gif */; };
		597F09C020A6E930001597A0 /* Music1.mp3 in Resources */ = {isa = PBXBuildFile; fileRef = 597F09BF20A6E930001597A0 /* Music1.mp3 */; };
		59AE585C20B3F00D00D261F4 /* ScoreTableViewController.swift in Sources */ = {isa = PBXBuildFile; fileRef = 59AE585B20B3F00D00D261F4 /* ScoreTableViewController.swift */; };
		59C81A1820A49BCF00D8FE49 /* AppDelegate.swift in Sources */ = {isa = PBXBuildFile; fileRef = 59C81A1720A49BCF00D8FE49 /* AppDelegate.swift */; };
		59C81A1A20A49BCF00D8FE49 /* ViewController.swift in Sources */ = {isa = PBXBuildFile; fileRef = 59C81A1920A49BCF00D8FE49 /* ViewController.swift */; };
		59C81A1D20A49BCF00D8FE49 /* Main.storyboard in Resources */ = {isa = PBXBuildFile; fileRef = 59C81A1B20A49BCF00D8FE49 /* Main.storyboard */; };
		59C81A2020A49BCF00D8FE49 /* Project2.xcdatamodeld in Sources */ = {isa = PBXBuildFile; fileRef = 59C81A1E20A49BCF00D8FE49 /* Project2.xcdatamodeld */; };
		59C81A2220A49BD200D8FE49 /* Assets.xcassets in Resources */ = {isa = PBXBuildFile; fileRef = 59C81A2120A49BD200D8FE49 /* Assets.xcassets */; };
		59C81A2520A49BD200D8FE49 /* LaunchScreen.storyboard in Resources */ = {isa = PBXBuildFile; fileRef = 59C81A2320A49BD200D8FE49 /* LaunchScreen.storyboard */; };
		59C81A3020A49BD200D8FE49 /* Project2Tests.swift in Sources */ = {isa = PBXBuildFile; fileRef = 59C81A2F20A49BD200D8FE49 /* Project2Tests.swift */; };
		59C81A3B20A49BD200D8FE49 /* Project2UITests.swift in Sources */ = {isa = PBXBuildFile; fileRef = 59C81A3A20A49BD200D8FE49 /* Project2UITests.swift */; };
		59C81A4B20A4AFB400D8FE49 /* LoginViewController.swift in Sources */ = {isa = PBXBuildFile; fileRef = 59C81A4A20A4AFB400D8FE49 /* LoginViewController.swift */; };
		59C81A4D20A4B01400D8FE49 /* AboutViewController.swift in Sources */ = {isa = PBXBuildFile; fileRef = 59C81A4C20A4B01400D8FE49 /* AboutViewController.swift */; };
		59C81A4F20A4B03E00D8FE49 /* SettingViewController.swift in Sources */ = {isa = PBXBuildFile; fileRef = 59C81A4E20A4B03E00D8FE49 /* SettingViewController.swift */; };
		59C81A5120A4B07D00D8FE49 /* LevelViewController.swift in Sources */ = {isa = PBXBuildFile; fileRef = 59C81A5020A4B07D00D8FE49 /* LevelViewController.swift */; };
		59C81A5320A4B09500D8FE49 /* Scene1ViewController.swift in Sources */ = {isa = PBXBuildFile; fileRef = 59C81A5220A4B09500D8FE49 /* Scene1ViewController.swift */; };
		59C81A5520A4B0A500D8FE49 /* Scene2ViewController.swift in Sources */ = {isa = PBXBuildFile; fileRef = 59C81A5420A4B0A500D8FE49 /* Scene2ViewController.swift */; };
		59C81A5720A4B0B800D8FE49 /* Scene3ViewController.swift in Sources */ = {isa = PBXBuildFile; fileRef = 59C81A5620A4B0B800D8FE49 /* Scene3ViewController.swift */; };
		59C81A5F20A4B19300D8FE49 /* StartGameViewController.swift in Sources */ = {isa = PBXBuildFile; fileRef = 59C81A5E20A4B19300D8FE49 /* StartGameViewController.swift */; };
		59C81A6120A4B1AE00D8FE49 /* StartGame2ViewController.swift in Sources */ = {isa = PBXBuildFile; fileRef = 59C81A6020A4B1AE00D8FE49 /* StartGame2ViewController.swift */; };
		59C81A6320A4B1BB00D8FE49 /* StartGame3ViewController.swift in Sources */ = {isa = PBXBuildFile; fileRef = 59C81A6220A4B1BB00D8FE49 /* StartGame3ViewController.swift */; };
		59C81A6520A4B1C600D8FE49 /* StartGame4ViewController.swift in Sources */ = {isa = PBXBuildFile; fileRef = 59C81A6420A4B1C600D8FE49 /* StartGame4ViewController.swift */; };
		59C81A6720A4B1D400D8FE49 /* StartGame5ViewController.swift in Sources */ = {isa = PBXBuildFile; fileRef = 59C81A6620A4B1D400D8FE49 /* StartGame5ViewController.swift */; };
		59C81A6920A4B20B00D8FE49 /* SecondGameViewController.swift in Sources */ = {isa = PBXBuildFile; fileRef = 59C81A6820A4B20B00D8FE49 /* SecondGameViewController.swift */; };
		59C81A6B20A4B22A00D8FE49 /* SecondGame2ViewController.swift in Sources */ = {isa = PBXBuildFile; fileRef = 59C81A6A20A4B22A00D8FE49 /* SecondGame2ViewController.swift */; };
		59C81A6D20A4B24600D8FE49 /* ThirdGameViewController.swift in Sources */ = {isa = PBXBuildFile; fileRef = 59C81A6C20A4B24600D8FE49 /* ThirdGameViewController.swift */; };
		59C81A6F20A4B25700D8FE49 /* ThirdGame2ViewController.swift in Sources */ = {isa = PBXBuildFile; fileRef = 59C81A6E20A4B25700D8FE49 /* ThirdGame2ViewController.swift */; };
		59E6A16420B508F300F86FEA /* SecondGame3ViewController.swift in Sources */ = {isa = PBXBuildFile; fileRef = 59E6A16320B508F300F86FEA /* SecondGame3ViewController.swift */; };
		59E6A16620B5092200F86FEA /* SecondGame4ViewController.swift in Sources */ = {isa = PBXBuildFile; fileRef = 59E6A16520B5092200F86FEA /* SecondGame4ViewController.swift */; };
		59E6A16820B5127800F86FEA /* projectdata2.txt in Resources */ = {isa = PBXBuildFile; fileRef = 59E6A16720B5127700F86FEA /* projectdata2.txt */; };
		59E6A16A20B53C8000F86FEA /* tourguy.gif in Resources */ = {isa = PBXBuildFile; fileRef = 59E6A16920B53C8000F86FEA /* tourguy.gif */; };
		59E6A16C20B53FBC00F86FEA /* ThirdGame3ViewController.swift in Sources */ = {isa = PBXBuildFile; fileRef = 59E6A16B20B53FBC00F86FEA /* ThirdGame3ViewController.swift */; };
		59E6A16E20B53FD700F86FEA /* ThirdGame4ViewController.swift in Sources */ = {isa = PBXBuildFile; fileRef = 59E6A16D20B53FD700F86FEA /* ThirdGame4ViewController.swift */; };
		59E6A17020B6D4D500F86FEA /* projectdata3.txt in Resources */ = {isa = PBXBuildFile; fileRef = 59E6A16F20B6D4D400F86FEA /* projectdata3.txt */; };
/* End PBXBuildFile section */

/* Begin PBXContainerItemProxy section */
		59C81A2C20A49BD200D8FE49 /* PBXContainerItemProxy */ = {
			isa = PBXContainerItemProxy;
			containerPortal = 59C81A0C20A49BCF00D8FE49 /* Project object */;
			proxyType = 1;
			remoteGlobalIDString = 59C81A1320A49BCF00D8FE49;
			remoteInfo = Project2;
		};
		59C81A3720A49BD200D8FE49 /* PBXContainerItemProxy */ = {
			isa = PBXContainerItemProxy;
			containerPortal = 59C81A0C20A49BCF00D8FE49 /* Project object */;
			proxyType = 1;
			remoteGlobalIDString = 59C81A1320A49BCF00D8FE49;
			remoteInfo = Project2;
		};
/* End PBXContainerItemProxy section */

/* Begin PBXFileReference section */
		0A45937E20B407FF00E32653 /* Data.json */ = {isa = PBXFileReference; lastKnownFileType = text.json; path = Data.json; sourceTree = "<group>"; };
		0A45938020B4089400E32653 /* JsonDataHandler.swift */ = {isa = PBXFileReference; lastKnownFileType = sourcecode.swift; path = JsonDataHandler.swift; sourceTree = "<group>"; };
		0A45938220B4693B00E32653 /* ObjectStates.swift */ = {isa = PBXFileReference; lastKnownFileType = sourcecode.swift; path = ObjectStates.swift; sourceTree = "<group>"; };
		0AD049E320B72C1D00475072 /* AchievementTableViewController.swift */ = {isa = PBXFileReference; fileEncoding = 4; lastKnownFileType = sourcecode.swift; path = AchievementTableViewController.swift; sourceTree = "<group>"; };
		0AD049E520B72C2E00475072 /* AchievementCell.swift */ = {isa = PBXFileReference; fileEncoding = 4; lastKnownFileType = sourcecode.swift; path = AchievementCell.swift; sourceTree = "<group>"; };
		0AD049E920B7326200475072 /* detail.json */ = {isa = PBXFileReference; fileEncoding = 4; lastKnownFileType = text.json; path = detail.json; sourceTree = "<group>"; };
		5917D2FB20AC55DF00EF31CE /* projectdata1.txt */ = {isa = PBXFileReference; fileEncoding = 4; lastKnownFileType = text; path = projectdata1.txt; sourceTree = "<group>"; };
		591CBB0C20B3263600E0F901 /* GameOverViewController.swift */ = {isa = PBXFileReference; lastKnownFileType = sourcecode.swift; path = GameOverViewController.swift; sourceTree = "<group>"; };
		597F09BB20A5CB45001597A0 /* Gif.swift */ = {isa = PBXFileReference; lastKnownFileType = sourcecode.swift; path = Gif.swift; sourceTree = "<group>"; };
		597F09BD20A5CECE001597A0 /* try.gif */ = {isa = PBXFileReference; lastKnownFileType = image.gif; path = try.gif; sourceTree = "<group>"; };
		597F09BF20A6E930001597A0 /* Music1.mp3 */ = {isa = PBXFileReference; lastKnownFileType = audio.mp3; path = Music1.mp3; sourceTree = "<group>"; };
		59AE585B20B3F00D00D261F4 /* ScoreTableViewController.swift */ = {isa = PBXFileReference; lastKnownFileType = sourcecode.swift; path = ScoreTableViewController.swift; sourceTree = "<group>"; };
		59C81A1420A49BCF00D8FE49 /* Project2.app */ = {isa = PBXFileReference; explicitFileType = wrapper.application; includeInIndex = 0; path = Project2.app; sourceTree = BUILT_PRODUCTS_DIR; };
		59C81A1720A49BCF00D8FE49 /* AppDelegate.swift */ = {isa = PBXFileReference; lastKnownFileType = sourcecode.swift; path = AppDelegate.swift; sourceTree = "<group>"; };
		59C81A1920A49BCF00D8FE49 /* ViewController.swift */ = {isa = PBXFileReference; lastKnownFileType = sourcecode.swift; path = ViewController.swift; sourceTree = "<group>"; };
		59C81A1C20A49BCF00D8FE49 /* Base */ = {isa = PBXFileReference; lastKnownFileType = file.storyboard; name = Base; path = Base.lproj/Main.storyboard; sourceTree = "<group>"; };
		59C81A1F20A49BCF00D8FE49 /* Project2.xcdatamodel */ = {isa = PBXFileReference; lastKnownFileType = wrapper.xcdatamodel; path = Project2.xcdatamodel; sourceTree = "<group>"; };
		59C81A2120A49BD200D8FE49 /* Assets.xcassets */ = {isa = PBXFileReference; lastKnownFileType = folder.assetcatalog; path = Assets.xcassets; sourceTree = "<group>"; };
		59C81A2420A49BD200D8FE49 /* Base */ = {isa = PBXFileReference; lastKnownFileType = file.storyboard; name = Base; path = Base.lproj/LaunchScreen.storyboard; sourceTree = "<group>"; };
		59C81A2620A49BD200D8FE49 /* Info.plist */ = {isa = PBXFileReference; lastKnownFileType = text.plist.xml; path = Info.plist; sourceTree = "<group>"; };
		59C81A2B20A49BD200D8FE49 /* Project2Tests.xctest */ = {isa = PBXFileReference; explicitFileType = wrapper.cfbundle; includeInIndex = 0; path = Project2Tests.xctest; sourceTree = BUILT_PRODUCTS_DIR; };
		59C81A2F20A49BD200D8FE49 /* Project2Tests.swift */ = {isa = PBXFileReference; lastKnownFileType = sourcecode.swift; path = Project2Tests.swift; sourceTree = "<group>"; };
		59C81A3120A49BD200D8FE49 /* Info.plist */ = {isa = PBXFileReference; lastKnownFileType = text.plist.xml; path = Info.plist; sourceTree = "<group>"; };
		59C81A3620A49BD200D8FE49 /* Project2UITests.xctest */ = {isa = PBXFileReference; explicitFileType = wrapper.cfbundle; includeInIndex = 0; path = Project2UITests.xctest; sourceTree = BUILT_PRODUCTS_DIR; };
		59C81A3A20A49BD200D8FE49 /* Project2UITests.swift */ = {isa = PBXFileReference; lastKnownFileType = sourcecode.swift; path = Project2UITests.swift; sourceTree = "<group>"; };
		59C81A3C20A49BD200D8FE49 /* Info.plist */ = {isa = PBXFileReference; lastKnownFileType = text.plist.xml; path = Info.plist; sourceTree = "<group>"; };
		59C81A4A20A4AFB400D8FE49 /* LoginViewController.swift */ = {isa = PBXFileReference; lastKnownFileType = sourcecode.swift; path = LoginViewController.swift; sourceTree = "<group>"; };
		59C81A4C20A4B01400D8FE49 /* AboutViewController.swift */ = {isa = PBXFileReference; lastKnownFileType = sourcecode.swift; path = AboutViewController.swift; sourceTree = "<group>"; };
		59C81A4E20A4B03E00D8FE49 /* SettingViewController.swift */ = {isa = PBXFileReference; lastKnownFileType = sourcecode.swift; path = SettingViewController.swift; sourceTree = "<group>"; };
		59C81A5020A4B07D00D8FE49 /* LevelViewController.swift */ = {isa = PBXFileReference; lastKnownFileType = sourcecode.swift; path = LevelViewController.swift; sourceTree = "<group>"; };
		59C81A5220A4B09500D8FE49 /* Scene1ViewController.swift */ = {isa = PBXFileReference; lastKnownFileType = sourcecode.swift; path = Scene1ViewController.swift; sourceTree = "<group>"; };
		59C81A5420A4B0A500D8FE49 /* Scene2ViewController.swift */ = {isa = PBXFileReference; lastKnownFileType = sourcecode.swift; path = Scene2ViewController.swift; sourceTree = "<group>"; };
		59C81A5620A4B0B800D8FE49 /* Scene3ViewController.swift */ = {isa = PBXFileReference; lastKnownFileType = sourcecode.swift; path = Scene3ViewController.swift; sourceTree = "<group>"; };
		59C81A5E20A4B19300D8FE49 /* StartGameViewController.swift */ = {isa = PBXFileReference; lastKnownFileType = sourcecode.swift; path = StartGameViewController.swift; sourceTree = "<group>"; };
		59C81A6020A4B1AE00D8FE49 /* StartGame2ViewController.swift */ = {isa = PBXFileReference; lastKnownFileType = sourcecode.swift; path = StartGame2ViewController.swift; sourceTree = "<group>"; };
		59C81A6220A4B1BB00D8FE49 /* StartGame3ViewController.swift */ = {isa = PBXFileReference; lastKnownFileType = sourcecode.swift; path = StartGame3ViewController.swift; sourceTree = "<group>"; };
		59C81A6420A4B1C600D8FE49 /* StartGame4ViewController.swift */ = {isa = PBXFileReference; lastKnownFileType = sourcecode.swift; path = StartGame4ViewController.swift; sourceTree = "<group>"; };
		59C81A6620A4B1D400D8FE49 /* StartGame5ViewController.swift */ = {isa = PBXFileReference; lastKnownFileType = sourcecode.swift; path = StartGame5ViewController.swift; sourceTree = "<group>"; };
		59C81A6820A4B20B00D8FE49 /* SecondGameViewController.swift */ = {isa = PBXFileReference; lastKnownFileType = sourcecode.swift; path = SecondGameViewController.swift; sourceTree = "<group>"; };
		59C81A6A20A4B22A00D8FE49 /* SecondGame2ViewController.swift */ = {isa = PBXFileReference; lastKnownFileType = sourcecode.swift; path = SecondGame2ViewController.swift; sourceTree = "<group>"; };
		59C81A6C20A4B24600D8FE49 /* ThirdGameViewController.swift */ = {isa = PBXFileReference; lastKnownFileType = sourcecode.swift; path = ThirdGameViewController.swift; sourceTree = "<group>"; };
		59C81A6E20A4B25700D8FE49 /* ThirdGame2ViewController.swift */ = {isa = PBXFileReference; lastKnownFileType = sourcecode.swift; path = ThirdGame2ViewController.swift; sourceTree = "<group>"; };
		59E6A16320B508F300F86FEA /* SecondGame3ViewController.swift */ = {isa = PBXFileReference; lastKnownFileType = sourcecode.swift; path = SecondGame3ViewController.swift; sourceTree = "<group>"; };
		59E6A16520B5092200F86FEA /* SecondGame4ViewController.swift */ = {isa = PBXFileReference; lastKnownFileType = sourcecode.swift; path = SecondGame4ViewController.swift; sourceTree = "<group>"; };
		59E6A16720B5127700F86FEA /* projectdata2.txt */ = {isa = PBXFileReference; fileEncoding = 4; lastKnownFileType = text; path = projectdata2.txt; sourceTree = "<group>"; };
		59E6A16920B53C8000F86FEA /* tourguy.gif */ = {isa = PBXFileReference; lastKnownFileType = image.gif; path = tourguy.gif; sourceTree = "<group>"; };
		59E6A16B20B53FBC00F86FEA /* ThirdGame3ViewController.swift */ = {isa = PBXFileReference; lastKnownFileType = sourcecode.swift; path = ThirdGame3ViewController.swift; sourceTree = "<group>"; };
		59E6A16D20B53FD700F86FEA /* ThirdGame4ViewController.swift */ = {isa = PBXFileReference; lastKnownFileType = sourcecode.swift; path = ThirdGame4ViewController.swift; sourceTree = "<group>"; };
		59E6A16F20B6D4D400F86FEA /* projectdata3.txt */ = {isa = PBXFileReference; fileEncoding = 4; lastKnownFileType = text; path = projectdata3.txt; sourceTree = "<group>"; };
/* End PBXFileReference section */

/* Begin PBXFrameworksBuildPhase section */
		59C81A1120A49BCF00D8FE49 /* Frameworks */ = {
			isa = PBXFrameworksBuildPhase;
			buildActionMask = 2147483647;
			files = (
			);
			runOnlyForDeploymentPostprocessing = 0;
		};
		59C81A2820A49BD200D8FE49 /* Frameworks */ = {
			isa = PBXFrameworksBuildPhase;
			buildActionMask = 2147483647;
			files = (
			);
			runOnlyForDeploymentPostprocessing = 0;
		};
		59C81A3320A49BD200D8FE49 /* Frameworks */ = {
			isa = PBXFrameworksBuildPhase;
			buildActionMask = 2147483647;
			files = (
			);
			runOnlyForDeploymentPostprocessing = 0;
		};
/* End PBXFrameworksBuildPhase section */

/* Begin PBXGroup section */
		0AD049DA20B6773800475072 /* Data */ = {
			isa = PBXGroup;
			children = (
				597F09BF20A6E930001597A0 /* Music1.mp3 */,
				5917D2FB20AC55DF00EF31CE /* projectdata1.txt */,
				59E6A16720B5127700F86FEA /* projectdata2.txt */,
				59E6A16F20B6D4D400F86FEA /* projectdata3.txt */,
				0AD049E920B7326200475072 /* detail.json */,
				0A45937E20B407FF00E32653 /* Data.json */,
			);
			path = Data;
			sourceTree = "<group>";
		};
		59C81A0B20A49BCF00D8FE49 = {
			isa = PBXGroup;
			children = (
				59C81A1620A49BCF00D8FE49 /* Project2 */,
				59C81A2E20A49BD200D8FE49 /* Project2Tests */,
				59C81A3920A49BD200D8FE49 /* Project2UITests */,
				59C81A1520A49BCF00D8FE49 /* Products */,
			);
			sourceTree = "<group>";
		};
		59C81A1520A49BCF00D8FE49 /* Products */ = {
			isa = PBXGroup;
			children = (
				59C81A1420A49BCF00D8FE49 /* Project2.app */,
				59C81A2B20A49BD200D8FE49 /* Project2Tests.xctest */,
				59C81A3620A49BD200D8FE49 /* Project2UITests.xctest */,
			);
			name = Products;
			sourceTree = "<group>";
		};
		59C81A1620A49BCF00D8FE49 /* Project2 */ = {
			isa = PBXGroup;
			children = (
				0AD049DA20B6773800475072 /* Data */,
				591CBB0C20B3263600E0F901 /* GameOverViewController.swift */,
				597F09BB20A5CB45001597A0 /* Gif.swift */,
				59C81A5E20A4B19300D8FE49 /* StartGameViewController.swift */,
				59C81A6020A4B1AE00D8FE49 /* StartGame2ViewController.swift */,
				59C81A6220A4B1BB00D8FE49 /* StartGame3ViewController.swift */,
				59C81A6420A4B1C600D8FE49 /* StartGame4ViewController.swift */,
				59C81A6620A4B1D400D8FE49 /* StartGame5ViewController.swift */,
				59C81A6820A4B20B00D8FE49 /* SecondGameViewController.swift */,
				59C81A6A20A4B22A00D8FE49 /* SecondGame2ViewController.swift */,
				59E6A16320B508F300F86FEA /* SecondGame3ViewController.swift */,
				59E6A16520B5092200F86FEA /* SecondGame4ViewController.swift */,
				59C81A6C20A4B24600D8FE49 /* ThirdGameViewController.swift */,
				59C81A6E20A4B25700D8FE49 /* ThirdGame2ViewController.swift */,
				59E6A16B20B53FBC00F86FEA /* ThirdGame3ViewController.swift */,
				59E6A16D20B53FD700F86FEA /* ThirdGame4ViewController.swift */,
				0AD049E320B72C1D00475072 /* AchievementTableViewController.swift */,
				0AD049E520B72C2E00475072 /* AchievementCell.swift */,
				59C81A1720A49BCF00D8FE49 /* AppDelegate.swift */,
				59C81A1920A49BCF00D8FE49 /* ViewController.swift */,
				59C81A1B20A49BCF00D8FE49 /* Main.storyboard */,
				59AE585B20B3F00D00D261F4 /* ScoreTableViewController.swift */,
				59C81A4A20A4AFB400D8FE49 /* LoginViewController.swift */,
				59C81A4C20A4B01400D8FE49 /* AboutViewController.swift */,
				59C81A4E20A4B03E00D8FE49 /* SettingViewController.swift */,
				59C81A5020A4B07D00D8FE49 /* LevelViewController.swift */,
				59C81A5220A4B09500D8FE49 /* Scene1ViewController.swift */,
				59C81A5420A4B0A500D8FE49 /* Scene2ViewController.swift */,
				59C81A5620A4B0B800D8FE49 /* Scene3ViewController.swift */,
				59C81A2120A49BD200D8FE49 /* Assets.xcassets */,
				59C81A2320A49BD200D8FE49 /* LaunchScreen.storyboard */,
				59C81A2620A49BD200D8FE49 /* Info.plist */,
				59C81A1E20A49BCF00D8FE49 /* Project2.xcdatamodeld */,
				597F09BD20A5CECE001597A0 /* try.gif */,
				59E6A16920B53C8000F86FEA /* tourguy.gif */,
				0A45938020B4089400E32653 /* JsonDataHandler.swift */,
				0A45938220B4693B00E32653 /* ObjectStates.swift */,
			);
			path = Project2;
			sourceTree = "<group>";
		};
		59C81A2E20A49BD200D8FE49 /* Project2Tests */ = {
			isa = PBXGroup;
			children = (
				59C81A2F20A49BD200D8FE49 /* Project2Tests.swift */,
				59C81A3120A49BD200D8FE49 /* Info.plist */,
			);
			path = Project2Tests;
			sourceTree = "<group>";
		};
		59C81A3920A49BD200D8FE49 /* Project2UITests */ = {
			isa = PBXGroup;
			children = (
				59C81A3A20A49BD200D8FE49 /* Project2UITests.swift */,
				59C81A3C20A49BD200D8FE49 /* Info.plist */,
			);
			path = Project2UITests;
			sourceTree = "<group>";
		};
/* End PBXGroup section */

/* Begin PBXNativeTarget section */
		59C81A1320A49BCF00D8FE49 /* Project2 */ = {
			isa = PBXNativeTarget;
			buildConfigurationList = 59C81A3F20A49BD200D8FE49 /* Build configuration list for PBXNativeTarget "Project2" */;
			buildPhases = (
				59C81A1020A49BCF00D8FE49 /* Sources */,
				59C81A1120A49BCF00D8FE49 /* Frameworks */,
				59C81A1220A49BCF00D8FE49 /* Resources */,
			);
			buildRules = (
			);
			dependencies = (
			);
			name = Project2;
			productName = Project2;
			productReference = 59C81A1420A49BCF00D8FE49 /* Project2.app */;
			productType = "com.apple.product-type.application";
		};
		59C81A2A20A49BD200D8FE49 /* Project2Tests */ = {
			isa = PBXNativeTarget;
			buildConfigurationList = 59C81A4220A49BD200D8FE49 /* Build configuration list for PBXNativeTarget "Project2Tests" */;
			buildPhases = (
				59C81A2720A49BD200D8FE49 /* Sources */,
				59C81A2820A49BD200D8FE49 /* Frameworks */,
				59C81A2920A49BD200D8FE49 /* Resources */,
			);
			buildRules = (
			);
			dependencies = (
				59C81A2D20A49BD200D8FE49 /* PBXTargetDependency */,
			);
			name = Project2Tests;
			productName = Project2Tests;
			productReference = 59C81A2B20A49BD200D8FE49 /* Project2Tests.xctest */;
			productType = "com.apple.product-type.bundle.unit-test";
		};
		59C81A3520A49BD200D8FE49 /* Project2UITests */ = {
			isa = PBXNativeTarget;
			buildConfigurationList = 59C81A4520A49BD200D8FE49 /* Build configuration list for PBXNativeTarget "Project2UITests" */;
			buildPhases = (
				59C81A3220A49BD200D8FE49 /* Sources */,
				59C81A3320A49BD200D8FE49 /* Frameworks */,
				59C81A3420A49BD200D8FE49 /* Resources */,
			);
			buildRules = (
			);
			dependencies = (
				59C81A3820A49BD200D8FE49 /* PBXTargetDependency */,
			);
			name = Project2UITests;
			productName = Project2UITests;
			productReference = 59C81A3620A49BD200D8FE49 /* Project2UITests.xctest */;
			productType = "com.apple.product-type.bundle.ui-testing";
		};
/* End PBXNativeTarget section */

/* Begin PBXProject section */
		59C81A0C20A49BCF00D8FE49 /* Project object */ = {
			isa = PBXProject;
			attributes = {
				LastSwiftUpdateCheck = 0930;
				LastUpgradeCheck = 0930;
				ORGANIZATIONNAME = DARKEUNG;
				TargetAttributes = {
					59C81A1320A49BCF00D8FE49 = {
						CreatedOnToolsVersion = 9.3;
					};
					59C81A2A20A49BD200D8FE49 = {
						CreatedOnToolsVersion = 9.3;
						TestTargetID = 59C81A1320A49BCF00D8FE49;
					};
					59C81A3520A49BD200D8FE49 = {
						CreatedOnToolsVersion = 9.3;
						TestTargetID = 59C81A1320A49BCF00D8FE49;
					};
				};
			};
			buildConfigurationList = 59C81A0F20A49BCF00D8FE49 /* Build configuration list for PBXProject "Project2" */;
			compatibilityVersion = "Xcode 9.3";
			developmentRegion = en;
			hasScannedForEncodings = 0;
			knownRegions = (
				en,
				Base,
			);
			mainGroup = 59C81A0B20A49BCF00D8FE49;
			productRefGroup = 59C81A1520A49BCF00D8FE49 /* Products */;
			projectDirPath = "";
			projectRoot = "";
			targets = (
				59C81A1320A49BCF00D8FE49 /* Project2 */,
				59C81A2A20A49BD200D8FE49 /* Project2Tests */,
				59C81A3520A49BD200D8FE49 /* Project2UITests */,
			);
		};
/* End PBXProject section */

/* Begin PBXResourcesBuildPhase section */
		59C81A1220A49BCF00D8FE49 /* Resources */ = {
			isa = PBXResourcesBuildPhase;
			buildActionMask = 2147483647;
			files = (
				5917D2FC20AC55E100EF31CE /* projectdata1.txt in Resources */,
				59E6A16820B5127800F86FEA /* projectdata2.txt in Resources */,
				59E6A17020B6D4D500F86FEA /* projectdata3.txt in Resources */,
				597F09BE20A5CEDA001597A0 /* try.gif in Resources */,
				59C81A2520A49BD200D8FE49 /* LaunchScreen.storyboard in Resources */,
				597F09C020A6E930001597A0 /* Music1.mp3 in Resources */,
				0A45937F20B407FF00E32653 /* Data.json in Resources */,
				59C81A2220A49BD200D8FE49 /* Assets.xcassets in Resources */,
				0AD049EA20B7326200475072 /* detail.json in Resources */,
				59C81A1D20A49BCF00D8FE49 /* Main.storyboard in Resources */,
				59E6A16A20B53C8000F86FEA /* tourguy.gif in Resources */,
			);
			runOnlyForDeploymentPostprocessing = 0;
		};
		59C81A2920A49BD200D8FE49 /* Resources */ = {
			isa = PBXResourcesBuildPhase;
			buildActionMask = 2147483647;
			files = (
			);
			runOnlyForDeploymentPostprocessing = 0;
		};
		59C81A3420A49BD200D8FE49 /* Resources */ = {
			isa = PBXResourcesBuildPhase;
			buildActionMask = 2147483647;
			files = (
			);
			runOnlyForDeploymentPostprocessing = 0;
		};
/* End PBXResourcesBuildPhase section */

/* Begin PBXSourcesBuildPhase section */
		59C81A1020A49BCF00D8FE49 /* Sources */ = {
			isa = PBXSourcesBuildPhase;
			buildActionMask = 2147483647;
			files = (
				0A45938120B4089400E32653 /* JsonDataHandler.swift in Sources */,
				59AE585C20B3F00D00D261F4 /* ScoreTableViewController.swift in Sources */,
				59C81A4B20A4AFB400D8FE49 /* LoginViewController.swift in Sources */,
				0AD049E420B72C1D00475072 /* AchievementTableViewController.swift in Sources */,
				59C81A1A20A49BCF00D8FE49 /* ViewController.swift in Sources */,
				59C81A1820A49BCF00D8FE49 /* AppDelegate.swift in Sources */,
				59C81A6720A4B1D400D8FE49 /* StartGame5ViewController.swift in Sources */,
				59C81A5320A4B09500D8FE49 /* Scene1ViewController.swift in Sources */,
				59E6A16620B5092200F86FEA /* SecondGame4ViewController.swift in Sources */,
				59C81A5120A4B07D00D8FE49 /* LevelViewController.swift in Sources */,
				59C81A5520A4B0A500D8FE49 /* Scene2ViewController.swift in Sources */,
				59E6A16C20B53FBC00F86FEA /* ThirdGame3ViewController.swift in Sources */,
				59C81A6520A4B1C600D8FE49 /* StartGame4ViewController.swift in Sources */,
				0AD049E620B72C2E00475072 /* AchievementCell.swift in Sources */,
				59C81A6120A4B1AE00D8FE49 /* StartGame2ViewController.swift in Sources */,
				59C81A5F20A4B19300D8FE49 /* StartGameViewController.swift in Sources */,
				59C81A6F20A4B25700D8FE49 /* ThirdGame2ViewController.swift in Sources */,
				591CBB0D20B3263600E0F901 /* GameOverViewController.swift in Sources */,
				59C81A6D20A4B24600D8FE49 /* ThirdGameViewController.swift in Sources */,
				59C81A6B20A4B22A00D8FE49 /* SecondGame2ViewController.swift in Sources */,
				0A45938320B4693B00E32653 /* ObjectStates.swift in Sources */,
				59C81A4D20A4B01400D8FE49 /* AboutViewController.swift in Sources */,
				59E6A16420B508F300F86FEA /* SecondGame3ViewController.swift in Sources */,
				59E6A16E20B53FD700F86FEA /* ThirdGame4ViewController.swift in Sources */,
				597F09BC20A5CB45001597A0 /* Gif.swift in Sources */,
				59C81A2020A49BCF00D8FE49 /* Project2.xcdatamodeld in Sources */,
				59C81A4F20A4B03E00D8FE49 /* SettingViewController.swift in Sources */,
				59C81A5720A4B0B800D8FE49 /* Scene3ViewController.swift in Sources */,
				59C81A6920A4B20B00D8FE49 /* SecondGameViewController.swift in Sources */,
				59C81A6320A4B1BB00D8FE49 /* StartGame3ViewController.swift in Sources */,
			);
			runOnlyForDeploymentPostprocessing = 0;
		};
		59C81A2720A49BD200D8FE49 /* Sources */ = {
			isa = PBXSourcesBuildPhase;
			buildActionMask = 2147483647;
			files = (
				59C81A3020A49BD200D8FE49 /* Project2Tests.swift in Sources */,
			);
			runOnlyForDeploymentPostprocessing = 0;
		};
		59C81A3220A49BD200D8FE49 /* Sources */ = {
			isa = PBXSourcesBuildPhase;
			buildActionMask = 2147483647;
			files = (
				59C81A3B20A49BD200D8FE49 /* Project2UITests.swift in Sources */,
			);
			runOnlyForDeploymentPostprocessing = 0;
		};
/* End PBXSourcesBuildPhase section */

/* Begin PBXTargetDependency section */
		59C81A2D20A49BD200D8FE49 /* PBXTargetDependency */ = {
			isa = PBXTargetDependency;
			target = 59C81A1320A49BCF00D8FE49 /* Project2 */;
			targetProxy = 59C81A2C20A49BD200D8FE49 /* PBXContainerItemProxy */;
		};
		59C81A3820A49BD200D8FE49 /* PBXTargetDependency */ = {
			isa = PBXTargetDependency;
			target = 59C81A1320A49BCF00D8FE49 /* Project2 */;
			targetProxy = 59C81A3720A49BD200D8FE49 /* PBXContainerItemProxy */;
		};
/* End PBXTargetDependency section */

/* Begin PBXVariantGroup section */
		59C81A1B20A49BCF00D8FE49 /* Main.storyboard */ = {
			isa = PBXVariantGroup;
			children = (
				59C81A1C20A49BCF00D8FE49 /* Base */,
			);
			name = Main.storyboard;
			sourceTree = "<group>";
		};
		59C81A2320A49BD200D8FE49 /* LaunchScreen.storyboard */ = {
			isa = PBXVariantGroup;
			children = (
				59C81A2420A49BD200D8FE49 /* Base */,
			);
			name = LaunchScreen.storyboard;
			sourceTree = "<group>";
		};
/* End PBXVariantGroup section */

/* Begin XCBuildConfiguration section */
		59C81A3D20A49BD200D8FE49 /* Debug */ = {
			isa = XCBuildConfiguration;
			buildSettings = {
				ALWAYS_SEARCH_USER_PATHS = NO;
				CLANG_ANALYZER_NONNULL = YES;
				CLANG_ANALYZER_NUMBER_OBJECT_CONVERSION = YES_AGGRESSIVE;
				CLANG_CXX_LANGUAGE_STANDARD = "gnu++14";
				CLANG_CXX_LIBRARY = "libc++";
				CLANG_ENABLE_MODULES = YES;
				CLANG_ENABLE_OBJC_ARC = YES;
				CLANG_ENABLE_OBJC_WEAK = YES;
				CLANG_WARN_BLOCK_CAPTURE_AUTORELEASING = YES;
				CLANG_WARN_BOOL_CONVERSION = YES;
				CLANG_WARN_COMMA = YES;
				CLANG_WARN_CONSTANT_CONVERSION = YES;
				CLANG_WARN_DEPRECATED_OBJC_IMPLEMENTATIONS = YES;
				CLANG_WARN_DIRECT_OBJC_ISA_USAGE = YES_ERROR;
				CLANG_WARN_DOCUMENTATION_COMMENTS = YES;
				CLANG_WARN_EMPTY_BODY = YES;
				CLANG_WARN_ENUM_CONVERSION = YES;
				CLANG_WARN_INFINITE_RECURSION = YES;
				CLANG_WARN_INT_CONVERSION = YES;
				CLANG_WARN_NON_LITERAL_NULL_CONVERSION = YES;
				CLANG_WARN_OBJC_IMPLICIT_RETAIN_SELF = YES;
				CLANG_WARN_OBJC_LITERAL_CONVERSION = YES;
				CLANG_WARN_OBJC_ROOT_CLASS = YES_ERROR;
				CLANG_WARN_RANGE_LOOP_ANALYSIS = YES;
				CLANG_WARN_STRICT_PROTOTYPES = YES;
				CLANG_WARN_SUSPICIOUS_MOVE = YES;
				CLANG_WARN_UNGUARDED_AVAILABILITY = YES_AGGRESSIVE;
				CLANG_WARN_UNREACHABLE_CODE = YES;
				CLANG_WARN__DUPLICATE_METHOD_MATCH = YES;
				CODE_SIGN_IDENTITY = "iPhone Developer";
				COPY_PHASE_STRIP = NO;
				DEBUG_INFORMATION_FORMAT = dwarf;
				ENABLE_STRICT_OBJC_MSGSEND = YES;
				ENABLE_TESTABILITY = YES;
				GCC_C_LANGUAGE_STANDARD = gnu11;
				GCC_DYNAMIC_NO_PIC = NO;
				GCC_NO_COMMON_BLOCKS = YES;
				GCC_OPTIMIZATION_LEVEL = 0;
				GCC_PREPROCESSOR_DEFINITIONS = (
					"DEBUG=1",
					"$(inherited)",
				);
				GCC_WARN_64_TO_32_BIT_CONVERSION = YES;
				GCC_WARN_ABOUT_RETURN_TYPE = YES_ERROR;
				GCC_WARN_UNDECLARED_SELECTOR = YES;
				GCC_WARN_UNINITIALIZED_AUTOS = YES_AGGRESSIVE;
				GCC_WARN_UNUSED_FUNCTION = YES;
				GCC_WARN_UNUSED_VARIABLE = YES;
				IPHONEOS_DEPLOYMENT_TARGET = 11.3;
				MTL_ENABLE_DEBUG_INFO = YES;
				ONLY_ACTIVE_ARCH = YES;
				SDKROOT = iphoneos;
				SWIFT_ACTIVE_COMPILATION_CONDITIONS = DEBUG;
				SWIFT_OPTIMIZATION_LEVEL = "-Onone";
			};
			name = Debug;
		};
		59C81A3E20A49BD200D8FE49 /* Release */ = {
			isa = XCBuildConfiguration;
			buildSettings = {
				ALWAYS_SEARCH_USER_PATHS = NO;
				CLANG_ANALYZER_NONNULL = YES;
				CLANG_ANALYZER_NUMBER_OBJECT_CONVERSION = YES_AGGRESSIVE;
				CLANG_CXX_LANGUAGE_STANDARD = "gnu++14";
				CLANG_CXX_LIBRARY = "libc++";
				CLANG_ENABLE_MODULES = YES;
				CLANG_ENABLE_OBJC_ARC = YES;
				CLANG_ENABLE_OBJC_WEAK = YES;
				CLANG_WARN_BLOCK_CAPTURE_AUTORELEASING = YES;
				CLANG_WARN_BOOL_CONVERSION = YES;
				CLANG_WARN_COMMA = YES;
				CLANG_WARN_CONSTANT_CONVERSION = YES;
				CLANG_WARN_DEPRECATED_OBJC_IMPLEMENTATIONS = YES;
				CLANG_WARN_DIRECT_OBJC_ISA_USAGE = YES_ERROR;
				CLANG_WARN_DOCUMENTATION_COMMENTS = YES;
				CLANG_WARN_EMPTY_BODY = YES;
				CLANG_WARN_ENUM_CONVERSION = YES;
				CLANG_WARN_INFINITE_RECURSION = YES;
				CLANG_WARN_INT_CONVERSION = YES;
				CLANG_WARN_NON_LITERAL_NULL_CONVERSION = YES;
				CLANG_WARN_OBJC_IMPLICIT_RETAIN_SELF = YES;
				CLANG_WARN_OBJC_LITERAL_CONVERSION = YES;
				CLANG_WARN_OBJC_ROOT_CLASS = YES_ERROR;
				CLANG_WARN_RANGE_LOOP_ANALYSIS = YES;
				CLANG_WARN_STRICT_PROTOTYPES = YES;
				CLANG_WARN_SUSPICIOUS_MOVE = YES;
				CLANG_WARN_UNGUARDED_AVAILABILITY = YES_AGGRESSIVE;
				CLANG_WARN_UNREACHABLE_CODE = YES;
				CLANG_WARN__DUPLICATE_METHOD_MATCH = YES;
				CODE_SIGN_IDENTITY = "iPhone Developer";
				COPY_PHASE_STRIP = NO;
				DEBUG_INFORMATION_FORMAT = "dwarf-with-dsym";
				ENABLE_NS_ASSERTIONS = NO;
				ENABLE_STRICT_OBJC_MSGSEND = YES;
				GCC_C_LANGUAGE_STANDARD = gnu11;
				GCC_NO_COMMON_BLOCKS = YES;
				GCC_WARN_64_TO_32_BIT_CONVERSION = YES;
				GCC_WARN_ABOUT_RETURN_TYPE = YES_ERROR;
				GCC_WARN_UNDECLARED_SELECTOR = YES;
				GCC_WARN_UNINITIALIZED_AUTOS = YES_AGGRESSIVE;
				GCC_WARN_UNUSED_FUNCTION = YES;
				GCC_WARN_UNUSED_VARIABLE = YES;
				IPHONEOS_DEPLOYMENT_TARGET = 11.3;
				MTL_ENABLE_DEBUG_INFO = NO;
				SDKROOT = iphoneos;
				SWIFT_COMPILATION_MODE = wholemodule;
				SWIFT_OPTIMIZATION_LEVEL = "-O";
				VALIDATE_PRODUCT = YES;
			};
			name = Release;
		};
		59C81A4020A49BD200D8FE49 /* Debug */ = {
			isa = XCBuildConfiguration;
			buildSettings = {
				ASSETCATALOG_COMPILER_APPICON_NAME = AppIcon;
				CODE_SIGN_STYLE = Automatic;
				INFOPLIST_FILE = Project2/Info.plist;
				LD_RUNPATH_SEARCH_PATHS = (
					"$(inherited)",
					"@executable_path/Frameworks",
				);
				PRODUCT_BUNDLE_IDENTIFIER = ckt.Project2;
				PRODUCT_NAME = "$(TARGET_NAME)";
				SWIFT_VERSION = 4.0;
				TARGETED_DEVICE_FAMILY = "1,2";
			};
			name = Debug;
		};
		59C81A4120A49BD200D8FE49 /* Release */ = {
			isa = XCBuildConfiguration;
			buildSettings = {
				ASSETCATALOG_COMPILER_APPICON_NAME = AppIcon;
				CODE_SIGN_STYLE = Automatic;
				INFOPLIST_FILE = Project2/Info.plist;
				LD_RUNPATH_SEARCH_PATHS = (
					"$(inherited)",
					"@executable_path/Frameworks",
				);
				PRODUCT_BUNDLE_IDENTIFIER = ckt.Project2;
				PRODUCT_NAME = "$(TARGET_NAME)";
				SWIFT_VERSION = 4.0;
				TARGETED_DEVICE_FAMILY = "1,2";
			};
			name = Release;
		};
		59C81A4320A49BD200D8FE49 /* Debug */ = {
			isa = XCBuildConfiguration;
			buildSettings = {
				ALWAYS_EMBED_SWIFT_STANDARD_LIBRARIES = YES;
				BUNDLE_LOADER = "$(TEST_HOST)";
				CODE_SIGN_STYLE = Automatic;
				INFOPLIST_FILE = Project2Tests/Info.plist;
				LD_RUNPATH_SEARCH_PATHS = (
					"$(inherited)",
					"@executable_path/Frameworks",
					"@loader_path/Frameworks",
				);
				PRODUCT_BUNDLE_IDENTIFIER = ckt.Project2Tests;
				PRODUCT_NAME = "$(TARGET_NAME)";
				SWIFT_VERSION = 4.0;
				TARGETED_DEVICE_FAMILY = "1,2";
				TEST_HOST = "$(BUILT_PRODUCTS_DIR)/Project2.app/Project2";
			};
			name = Debug;
		};
		59C81A4420A49BD200D8FE49 /* Release */ = {
			isa = XCBuildConfiguration;
			buildSettings = {
				ALWAYS_EMBED_SWIFT_STANDARD_LIBRARIES = YES;
				BUNDLE_LOADER = "$(TEST_HOST)";
				CODE_SIGN_STYLE = Automatic;
				INFOPLIST_FILE = Project2Tests/Info.plist;
				LD_RUNPATH_SEARCH_PATHS = (
					"$(inherited)",
					"@executable_path/Frameworks",
					"@loader_path/Frameworks",
				);
				PRODUCT_BUNDLE_IDENTIFIER = ckt.Project2Tests;
				PRODUCT_NAME = "$(TARGET_NAME)";
				SWIFT_VERSION = 4.0;
				TARGETED_DEVICE_FAMILY = "1,2";
				TEST_HOST = "$(BUILT_PRODUCTS_DIR)/Project2.app/Project2";
			};
			name = Release;
		};
		59C81A4620A49BD200D8FE49 /* Debug */ = {
			isa = XCBuildConfiguration;
			buildSettings = {
				ALWAYS_EMBED_SWIFT_STANDARD_LIBRARIES = YES;
				CODE_SIGN_STYLE = Automatic;
				INFOPLIST_FILE = Project2UITests/Info.plist;
				LD_RUNPATH_SEARCH_PATHS = (
					"$(inherited)",
					"@executable_path/Frameworks",
					"@loader_path/Frameworks",
				);
				PRODUCT_BUNDLE_IDENTIFIER = ckt.Project2UITests;
				PRODUCT_NAME = "$(TARGET_NAME)";
				SWIFT_VERSION = 4.0;
				TARGETED_DEVICE_FAMILY = "1,2";
				TEST_TARGET_NAME = Project2;
			};
			name = Debug;
		};
		59C81A4720A49BD200D8FE49 /* Release */ = {
			isa = XCBuildConfiguration;
			buildSettings = {
				ALWAYS_EMBED_SWIFT_STANDARD_LIBRARIES = YES;
				CODE_SIGN_STYLE = Automatic;
				INFOPLIST_FILE = Project2UITests/Info.plist;
				LD_RUNPATH_SEARCH_PATHS = (
					"$(inherited)",
					"@executable_path/Frameworks",
					"@loader_path/Frameworks",
				);
				PRODUCT_BUNDLE_IDENTIFIER = ckt.Project2UITests;
				PRODUCT_NAME = "$(TARGET_NAME)";
				SWIFT_VERSION = 4.0;
				TARGETED_DEVICE_FAMILY = "1,2";
				TEST_TARGET_NAME = Project2;
			};
			name = Release;
		};
/* End XCBuildConfiguration section */

/* Begin XCConfigurationList section */
		59C81A0F20A49BCF00D8FE49 /* Build configuration list for PBXProject "Project2" */ = {
			isa = XCConfigurationList;
			buildConfigurations = (
				59C81A3D20A49BD200D8FE49 /* Debug */,
				59C81A3E20A49BD200D8FE49 /* Release */,
			);
			defaultConfigurationIsVisible = 0;
			defaultConfigurationName = Release;
		};
		59C81A3F20A49BD200D8FE49 /* Build configuration list for PBXNativeTarget "Project2" */ = {
			isa = XCConfigurationList;
			buildConfigurations = (
				59C81A4020A49BD200D8FE49 /* Debug */,
				59C81A4120A49BD200D8FE49 /* Release */,
			);
			defaultConfigurationIsVisible = 0;
			defaultConfigurationName = Release;
		};
		59C81A4220A49BD200D8FE49 /* Build configuration list for PBXNativeTarget "Project2Tests" */ = {
			isa = XCConfigurationList;
			buildConfigurations = (
				59C81A4320A49BD200D8FE49 /* Debug */,
				59C81A4420A49BD200D8FE49 /* Release */,
			);
			defaultConfigurationIsVisible = 0;
			defaultConfigurationName = Release;
		};
		59C81A4520A49BD200D8FE49 /* Build configuration list for PBXNativeTarget "Project2UITests" */ = {
			isa = XCConfigurationList;
			buildConfigurations = (
				59C81A4620A49BD200D8FE49 /* Debug */,
				59C81A4720A49BD200D8FE49 /* Release */,
			);
			defaultConfigurationIsVisible = 0;
			defaultConfigurationName = Release;
		};
/* End XCConfigurationList section */

/* Begin XCVersionGroup section */
		59C81A1E20A49BCF00D8FE49 /* Project2.xcdatamodeld */ = {
			isa = XCVersionGroup;
			children = (
				59C81A1F20A49BCF00D8FE49 /* Project2.xcdatamodel */,
			);
			currentVersion = 59C81A1F20A49BCF00D8FE49 /* Project2.xcdatamodel */;
			path = Project2.xcdatamodeld;
			sourceTree = "<group>";
			versionGroupType = wrapper.xcdatamodel;
		};
/* End XCVersionGroup section */
	};
	rootObject = 59C81A0C20A49BCF00D8FE49 /* Project object */;
}
